
Microsoft Visual Studio Solution File, Format Version 12.00
# Visual Studio Version 17
VisualStudioVersion = 17.7.34221.43
MinimumVisualStudioVersion = 10.0.40219.1
Project("{9A19103F-16F7-4668-BE54-9A1E7A4F7556}") = "QuantVanilla", "QuantVanilla.csproj", "{69A9F272-C554-4667-ABC0-C11D6C4755E6}"
EndProject
Global
	GlobalSection(SolutionConfigurationPlatforms) = preSolution
		Debug|Any CPU = Debug|Any CPU
		Release|Any CPU = Release|Any CPU
	EndGlobalSection
	GlobalSection(ProjectConfigurationPlatforms) = postSolution
		{69A9F272-C554-4667-ABC0-C11D6C4755E6}.Debug|Any CPU.ActiveCfg = Debug|Any CPU
		{69A9F272-C554-4667-ABC0-C11D6C4755E6}.Debug|Any CPU.Build.0 = Debug|Any CPU
		{69A9F272-C554-4667-ABC0-C11D6C4755E6}.Release|Any CPU.ActiveCfg = Release|Any CPU
		{69A9F272-C554-4667-ABC0-C11D6C4755E6}.Release|Any CPU.Build.0 = Release|Any CPU
	EndGlobalSection
	GlobalSection(SolutionProperties) = preSolution
		HideSolutionNode = FALSE
	EndGlobalSection
	GlobalSection(ExtensibilityGlobals) = postSolution
		SolutionGuid = {82DA6777-616A-4342-B6C8-A8751F99527B}
	EndGlobalSection
EndGlobal
